
Microsoft Visual Studio Solution File, Format Version 12.00
# Visual Studio Version 17
VisualStudioVersion = 17.10.35027.167
MinimumVisualStudioVersion = 10.0.40219.1
Project("{9A19103F-16F7-4668-BE54-9A1E7A4F7556}") = "MyShop.Api", "MyShop.Api.csproj", "{AEFC0405-51DB-4A19-B748-94BC0530459D}"
EndProject
Global
	GlobalSection(SolutionConfigurationPlatforms) = preSolution
		Debug|Any CPU = Debug|Any CPU
		Release|Any CPU = Release|Any CPU
	EndGlobalSection
	GlobalSection(ProjectConfigurationPlatforms) = postSolution
		{AEFC0405-51DB-4A19-B748-94BC0530459D}.Debug|Any CPU.ActiveCfg = Debug|Any CPU
		{AEFC0405-51DB-4A19-B748-94BC0530459D}.Debug|Any CPU.Build.0 = Debug|Any CPU
		{AEFC0405-51DB-4A19-B748-94BC0530459D}.Release|Any CPU.ActiveCfg = Release|Any CPU
		{AEFC0405-51DB-4A19-B748-94BC0530459D}.Release|Any CPU.Build.0 = Release|Any CPU
	EndGlobalSection
	GlobalSection(SolutionProperties) = preSolution
		HideSolutionNode = FALSE
	EndGlobalSection
	GlobalSection(ExtensibilityGlobals) = postSolution
		SolutionGuid = {869EBF47-D433-457D-BD5F-835C232DE149}
	EndGlobalSection
EndGlobal
